
Microsoft Visual Studio Solution File, Format Version 12.00
# Visual Studio Version 17
VisualStudioVersion = 17.14.36623.8
MinimumVisualStudioVersion = 10.0.40219.1
Project("{8BC9CEB8-8B4A-11D0-8D11-00A0C91BC942}") = "ProjectForTest", "ProjectForTest\ProjectForTest.vcxproj", "{2BAF6668-FFC1-4D5B-B78C-415669A98505}"
EndProject
Project("{8BC9CEB8-8B4A-11D0-8D11-00A0C91BC942}") = "Singleton", "Singleton\Singleton.vcxproj", "{D3A7E5B4-2978-4061-8578-1A717E419F0A}"
EndProject
Project("{8BC9CEB8-8B4A-11D0-8D11-00A0C91BC942}") = "DataPlan", "DataPlan\DataPlan.vcxproj", "{45B7616F-E6A6-4981-847F-75D6F143658A}"
EndProject
Project("{8BC9CEB8-8B4A-11D0-8D11-00A0C91BC942}") = "Cau1_HospitalFee", "Cau1_HospitalFee\Cau1_HospitalFee.vcxproj", "{8907DA13-2E9D-4649-8476-960E6BBB2EBD}"
EndProject
Project("{8BC9CEB8-8B4A-11D0-8D11-00A0C91BC942}") = "SortSingleton", "SortSingleton\SortSingleton.vcxproj", "{D416AE72-6348-40B6-B1C9-1F3F01B6BF4F}"
EndProject
Project("{8BC9CEB8-8B4A-11D0-8D11-00A0C91BC942}") = "Tester", "Tester\Tester.vcxproj", "{5D51CB99-E01A-4B6A-805C-5E0E5D5E4DD9}"
EndProject
Project("{8BC9CEB8-8B4A-11D0-8D11-00A0C91BC942}") = "HospitalFee", "HospitalFee\HospitalFee.vcxproj", "{F86C2938-5813-42ED-A2AF-9DB09971FC5D}"
EndProject
Project("{8BC9CEB8-8B4A-11D0-8D11-00A0C91BC942}") = "MAT_Test01", "MAT_Test01\MAT_Test01.vcxproj", "{BC84D9D7-6EE1-4C77-9FC9-4956A01152AF}"
EndProject
Project("{8BC9CEB8-8B4A-11D0-8D11-00A0C91BC942}") = "TestMat2", "TestMat2\TestMat2.vcxproj", "{26C77C81-26DE-4D4E-8A10-C6F01A0AD456}"
EndProject
Project("{8BC9CEB8-8B4A-11D0-8D11-00A0C91BC942}") = "Throw_catch", "Throw_catch\Throw_catch.vcxproj", "{90A3DC6D-136C-4E4E-84AE-9EB6D997A996}"
EndProject
Project("{8BC9CEB8-8B4A-11D0-8D11-00A0C91BC942}") = "NaiveSolution", "NaiveSolution\NaiveSolution.vcxproj", "{4414DB93-5B99-4BC6-8F8C-CDEDE43F24D6}"
EndProject
Project("{8BC9CEB8-8B4A-11D0-8D11-00A0C91BC942}") = "Bai2_MachDien", "Bai2_MachDien\Bai2_MachDien.vcxproj", "{0B9C1F8A-D417-4941-95F4-D82EAC0B7095}"
EndProject
Project("{8BC9CEB8-8B4A-11D0-8D11-00A0C91BC942}") = "Cau3_AlphaTech", "Cau3_AlphaTech\Cau3_AlphaTech.vcxproj", "{9B663660-10EB-443C-AD61-66A1F12CF876}"
EndProject
Project("{8BC9CEB8-8B4A-11D0-8D11-00A0C91BC942}") = "TestMAT_CK", "TestMAT_CK\TestMAT_CK.vcxproj", "{59F521D4-834C-4F54-8177-35B83F51795F}"
EndProject
Project("{8BC9CEB8-8B4A-11D0-8D11-00A0C91BC942}") = "2024_2025", "2024_2025\2024_2025.vcxproj", "{6C88FA75-785C-4FEF-BDDD-FC4C8C8129B0}"
EndProject
Project("{8BC9CEB8-8B4A-11D0-8D11-00A0C91BC942}") = "2024_2025_CLC", "2024_2025_CLC\2024_2025_CLC.vcxproj", "{4D8D158A-DC51-42D7-BA85-6FD9A277C138}"
EndProject
Project("{8BC9CEB8-8B4A-11D0-8D11-00A0C91BC942}") = "TestMAT_Practice", "TestMAT_Practice\TestMAT_Practice.vcxproj", "{EB6B3C36-502F-4C0C-8342-6FF4E85A05CA}"
EndProject
Project("{8BC9CEB8-8B4A-11D0-8D11-00A0C91BC942}") = "2023_2024_CLC", "2023_2024_CLC\2023_2024_CLC.vcxproj", "{F5EA80CD-B7B6-4FC7-9C4C-BDEBFB4C9536}"
EndProject
Project("{8BC9CEB8-8B4A-11D0-8D11-00A0C91BC942}") = "24120290", "24120290\24120290.vcxproj", "{62B005EF-4698-44E0-B0D6-2902158899D3}"
EndProject
Project("{8BC9CEB8-8B4A-11D0-8D11-00A0C91BC942}") = "2022-2023", "2022-2023\2022-2023.vcxproj", "{BE91D665-191D-47D2-9ABF-1016895AFDF1}"
EndProject
Project("{8BC9CEB8-8B4A-11D0-8D11-00A0C91BC942}") = "2024-2025 CLC se3", "2024-2025 CLC se3\2024-2025 CLC se3.vcxproj", "{BC3DCB0A-1F07-47ED-BC83-79FD5C3CC770}"
EndProject
Project("{8BC9CEB8-8B4A-11D0-8D11-00A0C91BC942}") = "TemplateMethod", "TemplateMethod\TemplateMethod.vcxproj", "{F7BD65FA-6D9F-4AE8-A58A-13042396DC23}"
EndProject
Global
	GlobalSection(SolutionConfigurationPlatforms) = preSolution
		Debug|x64 = Debug|x64
		Debug|x86 = Debug|x86
		Release|x64 = Release|x64
		Release|x86 = Release|x86
	EndGlobalSection
	GlobalSection(ProjectConfigurationPlatforms) = postSolution
		{2BAF6668-FFC1-4D5B-B78C-415669A98505}.Debug|x64.ActiveCfg = Debug|x64
		{2BAF6668-FFC1-4D5B-B78C-415669A98505}.Debug|x64.Build.0 = Debug|x64
		{2BAF6668-FFC1-4D5B-B78C-415669A98505}.Debug|x86.ActiveCfg = Debug|Win32
		{2BAF6668-FFC1-4D5B-B78C-415669A98505}.Debug|x86.Build.0 = Debug|Win32
		{2BAF6668-FFC1-4D5B-B78C-415669A98505}.Release|x64.ActiveCfg = Release|x64
		{2BAF6668-FFC1-4D5B-B78C-415669A98505}.Release|x64.Build.0 = Release|x64
		{2BAF6668-FFC1-4D5B-B78C-415669A98505}.Release|x86.ActiveCfg = Release|Win32
		{2BAF6668-FFC1-4D5B-B78C-415669A98505}.Release|x86.Build.0 = Release|Win32
		{D3A7E5B4-2978-4061-8578-1A717E419F0A}.Debug|x64.ActiveCfg = Debug|x64
		{D3A7E5B4-2978-4061-8578-1A717E419F0A}.Debug|x64.Build.0 = Debug|x64
		{D3A7E5B4-2978-4061-8578-1A717E419F0A}.Debug|x86.ActiveCfg = Debug|Win32
		{D3A7E5B4-2978-4061-8578-1A717E419F0A}.Debug|x86.Build.0 = Debug|Win32
		{D3A7E5B4-2978-4061-8578-1A717E419F0A}.Release|x64.ActiveCfg = Release|x64
		{D3A7E5B4-2978-4061-8578-1A717E419F0A}.Release|x64.Build.0 = Release|x64
		{D3A7E5B4-2978-4061-8578-1A717E419F0A}.Release|x86.ActiveCfg = Release|Win32
		{D3A7E5B4-2978-4061-8578-1A717E419F0A}.Release|x86.Build.0 = Release|Win32
		{45B7616F-E6A6-4981-847F-75D6F143658A}.Debug|x64.ActiveCfg = Debug|x64
		{45B7616F-E6A6-4981-847F-75D6F143658A}.Debug|x64.Build.0 = Debug|x64
		{45B7616F-E6A6-4981-847F-75D6F143658A}.Debug|x86.ActiveCfg = Debug|Win32
		{45B7616F-E6A6-4981-847F-75D6F143658A}.Debug|x86.Build.0 = Debug|Win32
		{45B7616F-E6A6-4981-847F-75D6F143658A}.Release|x64.ActiveCfg = Release|x64
		{45B7616F-E6A6-4981-847F-75D6F143658A}.Release|x64.Build.0 = Release|x64
		{45B7616F-E6A6-4981-847F-75D6F143658A}.Release|x86.ActiveCfg = Release|Win32
		{45B7616F-E6A6-4981-847F-75D6F143658A}.Release|x86.Build.0 = Release|Win32
		{8907DA13-2E9D-4649-8476-960E6BBB2EBD}.Debug|x64.ActiveCfg = Debug|x64
		{8907DA13-2E9D-4649-8476-960E6BBB2EBD}.Debug|x64.Build.0 = Debug|x64
		{8907DA13-2E9D-4649-8476-960E6BBB2EBD}.Debug|x86.ActiveCfg = Debug|Win32
		{8907DA13-2E9D-4649-8476-960E6BBB2EBD}.Debug|x86.Build.0 = Debug|Win32
		{8907DA13-2E9D-4649-8476-960E6BBB2EBD}.Release|x64.ActiveCfg = Release|x64
		{8907DA13-2E9D-4649-8476-960E6BBB2EBD}.Release|x64.Build.0 = Release|x64
		{8907DA13-2E9D-4649-8476-960E6BBB2EBD}.Release|x86.ActiveCfg = Release|Win32
		{8907DA13-2E9D-4649-8476-960E6BBB2EBD}.Release|x86.Build.0 = Release|Win32
		{D416AE72-6348-40B6-B1C9-1F3F01B6BF4F}.Debug|x64.ActiveCfg = Debug|x64
		{D416AE72-6348-40B6-B1C9-1F3F01B6BF4F}.Debug|x64.Build.0 = Debug|x64
		{D416AE72-6348-40B6-B1C9-1F3F01B6BF4F}.Debug|x86.ActiveCfg = Debug|Win32
		{D416AE72-6348-40B6-B1C9-1F3F01B6BF4F}.Debug|x86.Build.0 = Debug|Win32
		{D416AE72-6348-40B6-B1C9-1F3F01B6BF4F}.Release|x64.ActiveCfg = Release|x64
		{D416AE72-6348-40B6-B1C9-1F3F01B6BF4F}.Release|x64.Build.0 = Release|x64
		{D416AE72-6348-40B6-B1C9-1F3F01B6BF4F}.Release|x86.ActiveCfg = Release|Win32
		{D416AE72-6348-40B6-B1C9-1F3F01B6BF4F}.Release|x86.Build.0 = Release|Win32
		{5D51CB99-E01A-4B6A-805C-5E0E5D5E4DD9}.Debug|x64.ActiveCfg = Debug|x64
		{5D51CB99-E01A-4B6A-805C-5E0E5D5E4DD9}.Debug|x64.Build.0 = Debug|x64
		{5D51CB99-E01A-4B6A-805C-5E0E5D5E4DD9}.Debug|x86.ActiveCfg = Debug|Win32
		{5D51CB99-E01A-4B6A-805C-5E0E5D5E4DD9}.Debug|x86.Build.0 = Debug|Win32
		{5D51CB99-E01A-4B6A-805C-5E0E5D5E4DD9}.Release|x64.ActiveCfg = Release|x64
		{5D51CB99-E01A-4B6A-805C-5E0E5D5E4DD9}.Release|x64.Build.0 = Release|x64
		{5D51CB99-E01A-4B6A-805C-5E0E5D5E4DD9}.Release|x86.ActiveCfg = Release|Win32
		{5D51CB99-E01A-4B6A-805C-5E0E5D5E4DD9}.Release|x86.Build.0 = Release|Win32
		{F86C2938-5813-42ED-A2AF-9DB09971FC5D}.Debug|x64.ActiveCfg = Debug|x64
		{F86C2938-5813-42ED-A2AF-9DB09971FC5D}.Debug|x64.Build.0 = Debug|x64
		{F86C2938-5813-42ED-A2AF-9DB09971FC5D}.Debug|x86.ActiveCfg = Debug|Win32
		{F86C2938-5813-42ED-A2AF-9DB09971FC5D}.Debug|x86.Build.0 = Debug|Win32
		{F86C2938-5813-42ED-A2AF-9DB09971FC5D}.Release|x64.ActiveCfg = Release|x64
		{F86C2938-5813-42ED-A2AF-9DB09971FC5D}.Release|x64.Build.0 = Release|x64
		{F86C2938-5813-42ED-A2AF-9DB09971FC5D}.Release|x86.ActiveCfg = Release|Win32
		{F86C2938-5813-42ED-A2AF-9DB09971FC5D}.Release|x86.Build.0 = Release|Win32
		{BC84D9D7-6EE1-4C77-9FC9-4956A01152AF}.Debug|x64.ActiveCfg = Debug|x64
		{BC84D9D7-6EE1-4C77-9FC9-4956A01152AF}.Debug|x64.Build.0 = Debug|x64
		{BC84D9D7-6EE1-4C77-9FC9-4956A01152AF}.Debug|x86.ActiveCfg = Debug|Win32
		{BC84D9D7-6EE1-4C77-9FC9-4956A01152AF}.Debug|x86.Build.0 = Debug|Win32
		{BC84D9D7-6EE1-4C77-9FC9-4956A01152AF}.Release|x64.ActiveCfg = Release|x64
		{BC84D9D7-6EE1-4C77-9FC9-4956A01152AF}.Release|x64.Build.0 = Release|x64
		{BC84D9D7-6EE1-4C77-9FC9-4956A01152AF}.Release|x86.ActiveCfg = Release|Win32
		{BC84D9D7-6EE1-4C77-9FC9-4956A01152AF}.Release|x86.Build.0 = Release|Win32
		{26C77C81-26DE-4D4E-8A10-C6F01A0AD456}.Debug|x64.ActiveCfg = Debug|x64
		{26C77C81-26DE-4D4E-8A10-C6F01A0AD456}.Debug|x64.Build.0 = Debug|x64
		{26C77C81-26DE-4D4E-8A10-C6F01A0AD456}.Debug|x86.ActiveCfg = Debug|Win32
		{26C77C81-26DE-4D4E-8A10-C6F01A0AD456}.Debug|x86.Build.0 = Debug|Win32
		{26C77C81-26DE-4D4E-8A10-C6F01A0AD456}.Release|x64.ActiveCfg = Release|x64
		{26C77C81-26DE-4D4E-8A10-C6F01A0AD456}.Release|x64.Build.0 = Release|x64
		{26C77C81-26DE-4D4E-8A10-C6F01A0AD456}.Release|x86.ActiveCfg = Release|Win32
		{26C77C81-26DE-4D4E-8A10-C6F01A0AD456}.Release|x86.Build.0 = Release|Win32
		{90A3DC6D-136C-4E4E-84AE-9EB6D997A996}.Debug|x64.ActiveCfg = Debug|x64
		{90A3DC6D-136C-4E4E-84AE-9EB6D997A996}.Debug|x64.Build.0 = Debug|x64
		{90A3DC6D-136C-4E4E-84AE-9EB6D997A996}.Debug|x86.ActiveCfg = Debug|Win32
		{90A3DC6D-136C-4E4E-84AE-9EB6D997A996}.Debug|x86.Build.0 = Debug|Win32
		{90A3DC6D-136C-4E4E-84AE-9EB6D997A996}.Release|x64.ActiveCfg = Release|x64
		{90A3DC6D-136C-4E4E-84AE-9EB6D997A996}.Release|x64.Build.0 = Release|x64
		{90A3DC6D-136C-4E4E-84AE-9EB6D997A996}.Release|x86.ActiveCfg = Release|Win32
		{90A3DC6D-136C-4E4E-84AE-9EB6D997A996}.Release|x86.Build.0 = Release|Win32
		{4414DB93-5B99-4BC6-8F8C-CDEDE43F24D6}.Debug|x64.ActiveCfg = Debug|x64
		{4414DB93-5B99-4BC6-8F8C-CDEDE43F24D6}.Debug|x64.Build.0 = Debug|x64
		{4414DB93-5B99-4BC6-8F8C-CDEDE43F24D6}.Debug|x86.ActiveCfg = Debug|Win32
		{4414DB93-5B99-4BC6-8F8C-CDEDE43F24D6}.Debug|x86.Build.0 = Debug|Win32
		{4414DB93-5B99-4BC6-8F8C-CDEDE43F24D6}.Release|x64.ActiveCfg = Release|x64
		{4414DB93-5B99-4BC6-8F8C-CDEDE43F24D6}.Release|x64.Build.0 = Release|x64
		{4414DB93-5B99-4BC6-8F8C-CDEDE43F24D6}.Release|x86.ActiveCfg = Release|Win32
		{4414DB93-5B99-4BC6-8F8C-CDEDE43F24D6}.Release|x86.Build.0 = Release|Win32
		{0B9C1F8A-D417-4941-95F4-D82EAC0B7095}.Debug|x64.ActiveCfg = Debug|x64
		{0B9C1F8A-D417-4941-95F4-D82EAC0B7095}.Debug|x64.Build.0 = Debug|x64
		{0B9C1F8A-D417-4941-95F4-D82EAC0B7095}.Debug|x86.ActiveCfg = Debug|Win32
		{0B9C1F8A-D417-4941-95F4-D82EAC0B7095}.Debug|x86.Build.0 = Debug|Win32
		{0B9C1F8A-D417-4941-95F4-D82EAC0B7095}.Release|x64.ActiveCfg = Release|x64
		{0B9C1F8A-D417-4941-95F4-D82EAC0B7095}.Release|x64.Build.0 = Release|x64
		{0B9C1F8A-D417-4941-95F4-D82EAC0B7095}.Release|x86.ActiveCfg = Release|Win32
		{0B9C1F8A-D417-4941-95F4-D82EAC0B7095}.Release|x86.Build.0 = Release|Win32
		{9B663660-10EB-443C-AD61-66A1F12CF876}.Debug|x64.ActiveCfg = Debug|x64
		{9B663660-10EB-443C-AD61-66A1F12CF876}.Debug|x64.Build.0 = Debug|x64
		{9B663660-10EB-443C-AD61-66A1F12CF876}.Debug|x86.ActiveCfg = Debug|Win32
		{9B663660-10EB-443C-AD61-66A1F12CF876}.Debug|x86.Build.0 = Debug|Win32
		{9B663660-10EB-443C-AD61-66A1F12CF876}.Release|x64.ActiveCfg = Release|x64
		{9B663660-10EB-443C-AD61-66A1F12CF876}.Release|x64.Build.0 = Release|x64
		{9B663660-10EB-443C-AD61-66A1F12CF876}.Release|x86.ActiveCfg = Release|Win32
		{9B663660-10EB-443C-AD61-66A1F12CF876}.Release|x86.Build.0 = Release|Win32
		{59F521D4-834C-4F54-8177-35B83F51795F}.Debug|x64.ActiveCfg = Debug|x64
		{59F521D4-834C-4F54-8177-35B83F51795F}.Debug|x64.Build.0 = Debug|x64
		{59F521D4-834C-4F54-8177-35B83F51795F}.Debug|x86.ActiveCfg = Debug|Win32
		{59F521D4-834C-4F54-8177-35B83F51795F}.Debug|x86.Build.0 = Debug|Win32
		{59F521D4-834C-4F54-8177-35B83F51795F}.Release|x64.ActiveCfg = Release|x64
		{59F521D4-834C-4F54-8177-35B83F51795F}.Release|x64.Build.0 = Release|x64
		{59F521D4-834C-4F54-8177-35B83F51795F}.Release|x86.ActiveCfg = Release|Win32
		{59F521D4-834C-4F54-8177-35B83F51795F}.Release|x86.Build.0 = Release|Win32
		{6C88FA75-785C-4FEF-BDDD-FC4C8C8129B0}.Debug|x64.ActiveCfg = Debug|x64
		{6C88FA75-785C-4FEF-BDDD-FC4C8C8129B0}.Debug|x64.Build.0 = Debug|x64
		{6C88FA75-785C-4FEF-BDDD-FC4C8C8129B0}.Debug|x86.ActiveCfg = Debug|Win32
		{6C88FA75-785C-4FEF-BDDD-FC4C8C8129B0}.Debug|x86.Build.0 = Debug|Win32
		{6C88FA75-785C-4FEF-BDDD-FC4C8C8129B0}.Release|x64.ActiveCfg = Release|x64
		{6C88FA75-785C-4FEF-BDDD-FC4C8C8129B0}.Release|x64.Build.0 = Release|x64
		{6C88FA75-785C-4FEF-BDDD-FC4C8C8129B0}.Release|x86.ActiveCfg = Release|Win32
		{6C88FA75-785C-4FEF-BDDD-FC4C8C8129B0}.Release|x86.Build.0 = Release|Win32
		{4D8D158A-DC51-42D7-BA85-6FD9A277C138}.Debug|x64.ActiveCfg = Debug|x64
		{4D8D158A-DC51-42D7-BA85-6FD9A277C138}.Debug|x64.Build.0 = Debug|x64
		{4D8D158A-DC51-42D7-BA85-6FD9A277C138}.Debug|x86.ActiveCfg = Debug|Win32
		{4D8D158A-DC51-42D7-BA85-6FD9A277C138}.Debug|x86.Build.0 = Debug|Win32
		{4D8D158A-DC51-42D7-BA85-6FD9A277C138}.Release|x64.ActiveCfg = Release|x64
		{4D8D158A-DC51-42D7-BA85-6FD9A277C138}.Release|x64.Build.0 = Release|x64
		{4D8D158A-DC51-42D7-BA85-6FD9A277C138}.Release|x86.ActiveCfg = Release|Win32
		{4D8D158A-DC51-42D7-BA85-6FD9A277C138}.Release|x86.Build.0 = Release|Win32
		{EB6B3C36-502F-4C0C-8342-6FF4E85A05CA}.Debug|x64.ActiveCfg = Debug|x64
		{EB6B3C36-502F-4C0C-8342-6FF4E85A05CA}.Debug|x64.Build.0 = Debug|x64
		{EB6B3C36-502F-4C0C-8342-6FF4E85A05CA}.Debug|x86.ActiveCfg = Debug|Win32
		{EB6B3C36-502F-4C0C-8342-6FF4E85A05CA}.Debug|x86.Build.0 = Debug|Win32
		{EB6B3C36-502F-4C0C-8342-6FF4E85A05CA}.Release|x64.ActiveCfg = Release|x64
		{EB6B3C36-502F-4C0C-8342-6FF4E85A05CA}.Release|x64.Build.0 = Release|x64
		{EB6B3C36-502F-4C0C-8342-6FF4E85A05CA}.Release|x86.ActiveCfg = Release|Win32
		{EB6B3C36-502F-4C0C-8342-6FF4E85A05CA}.Release|x86.Build.0 = Release|Win32
		{F5EA80CD-B7B6-4FC7-9C4C-BDEBFB4C9536}.Debug|x64.ActiveCfg = Debug|x64
		{F5EA80CD-B7B6-4FC7-9C4C-BDEBFB4C9536}.Debug|x64.Build.0 = Debug|x64
		{F5EA80CD-B7B6-4FC7-9C4C-BDEBFB4C9536}.Debug|x86.ActiveCfg = Debug|Win32
		{F5EA80CD-B7B6-4FC7-9C4C-BDEBFB4C9536}.Debug|x86.Build.0 = Debug|Win32
		{F5EA80CD-B7B6-4FC7-9C4C-BDEBFB4C9536}.Release|x64.ActiveCfg = Release|x64
		{F5EA80CD-B7B6-4FC7-9C4C-BDEBFB4C9536}.Release|x64.Build.0 = Release|x64
		{F5EA80CD-B7B6-4FC7-9C4C-BDEBFB4C9536}.Release|x86.ActiveCfg = Release|Win32
		{F5EA80CD-B7B6-4FC7-9C4C-BDEBFB4C9536}.Release|x86.Build.0 = Release|Win32
		{62B005EF-4698-44E0-B0D6-2902158899D3}.Debug|x64.ActiveCfg = Debug|x64
		{62B005EF-4698-44E0-B0D6-2902158899D3}.Debug|x64.Build.0 = Debug|x64
		{62B005EF-4698-44E0-B0D6-2902158899D3}.Debug|x86.ActiveCfg = Debug|Win32
		{62B005EF-4698-44E0-B0D6-2902158899D3}.Debug|x86.Build.0 = Debug|Win32
		{62B005EF-4698-44E0-B0D6-2902158899D3}.Release|x64.ActiveCfg = Release|x64
		{62B005EF-4698-44E0-B0D6-2902158899D3}.Release|x64.Build.0 = Release|x64
		{62B005EF-4698-44E0-B0D6-2902158899D3}.Release|x86.ActiveCfg = Release|Win32
		{62B005EF-4698-44E0-B0D6-2902158899D3}.Release|x86.Build.0 = Release|Win32
		{BE91D665-191D-47D2-9ABF-1016895AFDF1}.Debug|x64.ActiveCfg = Debug|x64
		{BE91D665-191D-47D2-9ABF-1016895AFDF1}.Debug|x64.Build.0 = Debug|x64
		{BE91D665-191D-47D2-9ABF-1016895AFDF1}.Debug|x86.ActiveCfg = Debug|Win32
		{BE91D665-191D-47D2-9ABF-1016895AFDF1}.Debug|x86.Build.0 = Debug|Win32
		{BE91D665-191D-47D2-9ABF-1016895AFDF1}.Release|x64.ActiveCfg = Release|x64
		{BE91D665-191D-47D2-9ABF-1016895AFDF1}.Release|x64.Build.0 = Release|x64
		{BE91D665-191D-47D2-9ABF-1016895AFDF1}.Release|x86.ActiveCfg = Release|Win32
		{BE91D665-191D-47D2-9ABF-1016895AFDF1}.Release|x86.Build.0 = Release|Win32
		{BC3DCB0A-1F07-47ED-BC83-79FD5C3CC770}.Debug|x64.ActiveCfg = Debug|x64
		{BC3DCB0A-1F07-47ED-BC83-79FD5C3CC770}.Debug|x64.Build.0 = Debug|x64
		{BC3DCB0A-1F07-47ED-BC83-79FD5C3CC770}.Debug|x86.ActiveCfg = Debug|Win32
		{BC3DCB0A-1F07-47ED-BC83-79FD5C3CC770}.Debug|x86.Build.0 = Debug|Win32
		{BC3DCB0A-1F07-47ED-BC83-79FD5C3CC770}.Release|x64.ActiveCfg = Release|x64
		{BC3DCB0A-1F07-47ED-BC83-79FD5C3CC770}.Release|x64.Build.0 = Release|x64
		{BC3DCB0A-1F07-47ED-BC83-79FD5C3CC770}.Release|x86.ActiveCfg = Release|Win32
		{BC3DCB0A-1F07-47ED-BC83-79FD5C3CC770}.Release|x86.Build.0 = Release|Win32
		{F7BD65FA-6D9F-4AE8-A58A-13042396DC23}.Debug|x64.ActiveCfg = Debug|x64
		{F7BD65FA-6D9F-4AE8-A58A-13042396DC23}.Debug|x64.Build.0 = Debug|x64
		{F7BD65FA-6D9F-4AE8-A58A-13042396DC23}.Debug|x86.ActiveCfg = Debug|Win32
		{F7BD65FA-6D9F-4AE8-A58A-13042396DC23}.Debug|x86.Build.0 = Debug|Win32
		{F7BD65FA-6D9F-4AE8-A58A-13042396DC23}.Release|x64.ActiveCfg = Release|x64
		{F7BD65FA-6D9F-4AE8-A58A-13042396DC23}.Release|x64.Build.0 = Release|x64
		{F7BD65FA-6D9F-4AE8-A58A-13042396DC23}.Release|x86.ActiveCfg = Release|Win32
		{F7BD65FA-6D9F-4AE8-A58A-13042396DC23}.Release|x86.Build.0 = Release|Win32
	EndGlobalSection
	GlobalSection(SolutionProperties) = preSolution
		HideSolutionNode = FALSE
	EndGlobalSection
	GlobalSection(ExtensibilityGlobals) = postSolution
		SolutionGuid = {693AB3D5-9E84-47BA-BCB3-6F6B90B53FB3}
	EndGlobalSection
EndGlobal
